// !$*UTF8*$!
{
	archiveVersion = 1;
	classes = {
	};
	objectVersion = 48;
	objects = {

/* Begin PBXBuildFile section */
		8BADCA4C1F7FAE9700AD83AA /* AppDelegate.swift in Sources */ = {isa = PBXBuildFile; fileRef = 8BADCA4B1F7FAE9700AD83AA /* AppDelegate.swift */; };
		8BADCA4E1F7FAE9700AD83AA /* ViewController.swift in Sources */ = {isa = PBXBuildFile; fileRef = 8BADCA4D1F7FAE9700AD83AA /* ViewController.swift */; };
		8BADCA511F7FAE9700AD83AA /* Main.storyboard in Resources */ = {isa = PBXBuildFile; fileRef = 8BADCA4F1F7FAE9700AD83AA /* Main.storyboard */; };
		8BADCA531F7FAE9700AD83AA /* Assets.xcassets in Resources */ = {isa = PBXBuildFile; fileRef = 8BADCA521F7FAE9700AD83AA /* Assets.xcassets */; };
		8BADCA561F7FAE9700AD83AA /* LaunchScreen.storyboard in Resources */ = {isa = PBXBuildFile; fileRef = 8BADCA541F7FAE9700AD83AA /* LaunchScreen.storyboard */; };
/* End PBXBuildFile section */

/* Begin PBXFileReference section */
		8BADCA481F7FAE9700AD83AA /* MYWeather.app */ = {isa = PBXFileReference; explicitFileType = wrapper.application; includeInIndex = 0; path = MYWeather.app; sourceTree = BUILT_PRODUCTS_DIR; };
		8BADCA4B1F7FAE9700AD83AA /* AppDelegate.swift */ = {isa = PBXFileReference; lastKnownFileType = sourcecode.swift; path = AppDelegate.swift; sourceTree = "<group>"; };
		8BADCA4D1F7FAE9700AD83AA /* ViewController.swift */ = {isa = PBXFileReference; lastKnownFileType = sourcecode.swift; path = ViewController.swift; sourceTree = "<group>"; };
		8BADCA501F7FAE9700AD83AA /* Base */ = {isa = PBXFileReference; lastKnownFileType = file.storyboard; name = Base; path = Base.lproj/Main.storyboard; sourceTree = "<group>"; };
		8BADCA521F7FAE9700AD83AA /* Assets.xcassets */ = {isa = PBXFileReference; lastKnownFileType = folder.assetcatalog; path = Assets.xcassets; sourceTree = "<group>"; };
		8BADCA551F7FAE9700AD83AA /* Base */ = {isa = PBXFileReference; lastKnownFileType = file.storyboard; name = Base; path = Base.lproj/LaunchScreen.storyboard; sourceTree = "<group>"; };
		8BADCA571F7FAE9700AD83AA /* Info.plist */ = {isa = PBXFileReference; lastKnownFileType = text.plist.xml; path = Info.plist; sourceTree = "<group>"; };
/* End PBXFileReference section */

/* Begin PBXFrameworksBuildPhase section */
		8BADCA451F7FAE9700AD83AA /* Frameworks */ = {
			isa = PBXFrameworksBuildPhase;
			buildActionMask = 2147483647;
			files = (
			);
			runOnlyForDeploymentPostprocessing = 0;
		};
/* End PBXFrameworksBuildPhase section */

/* Begin PBXGroup section */
		8BADCA3F1F7FAE9700AD83AA = {
			isa = PBXGroup;
			children = (
				8BADCA4A1F7FAE9700AD83AA /* MYWeather */,
				8BADCA491F7FAE9700AD83AA /* Products */,
			);
			sourceTree = "<group>";
		};
		8BADCA491F7FAE9700AD83AA /* Products */ = {
			isa = PBXGroup;
			children = (
				8BADCA481F7FAE9700AD83AA /* MYWeather.app */,
			);
			name = Products;
			sourceTree = "<group>";
		};
		8BADCA4A1F7FAE9700AD83AA /* MYWeather */ = {
			isa = PBXGroup;
			children = (
				8BADCA4B1F7FAE9700AD83AA /* AppDelegate.swift */,
				8BADCA4D1F7FAE9700AD83AA /* ViewController.swift */,
				8BADCA4F1F7FAE9700AD83AA /* Main.storyboard */,
				8BADCA521F7FAE9700AD83AA /* Assets.xcassets */,
				8BADCA541F7FAE9700AD83AA /* LaunchScreen.storyboard */,
				8BADCA571F7FAE9700AD83AA /* Info.plist */,
			);
			path = MYWeather;
			sourceTree = "<group>";
		};
/* End PBXGroup section */

/* Begin PBXNativeTarget section */
		8BADCA471F7FAE9700AD83AA /* MYWeather */ = {
			isa = PBXNativeTarget;
			buildConfigurationList = 8BADCA5A1F7FAE9700AD83AA /* Build configuration list for PBXNativeTarget "MYWeather" */;
			buildPhases = (
				8BADCA441F7FAE9700AD83AA /* Sources */,
				8BADCA451F7FAE9700AD83AA /* Frameworks */,
				8BADCA461F7FAE9700AD83AA /* Resources */,
			);
			buildRules = (
			);
			dependencies = (
			);
			name = MYWeather;
			productName = MYWeather;
			productReference = 8BADCA481F7FAE9700AD83AA /* MYWeather.app */;
			productType = "com.apple.product-type.application";
		};
/* End PBXNativeTarget section */

/* Begin PBXProject section */
		8BADCA401F7FAE9700AD83AA /* Project object */ = {
			isa = PBXProject;
			attributes = {
				LastSwiftUpdateCheck = 0900;
				LastUpgradeCheck = 0900;
				ORGANIZATIONNAME = iOS_developer;
				TargetAttributes = {
					8BADCA471F7FAE9700AD83AA = {
						CreatedOnToolsVersion = 9.0;
						ProvisioningStyle = Automatic;
					};
				};
			};
			buildConfigurationList = 8BADCA431F7FAE9700AD83AA /* Build configuration list for PBXProject "MYWeather" */;
			compatibilityVersion = "Xcode 8.0";
			developmentRegion = en;
			hasScannedForEncodings = 0;
			knownRegions = (
				en,
				Base,
			);
			mainGroup = 8BADCA3F1F7FAE9700AD83AA;
			productRefGroup = 8BADCA491F7FAE9700AD83AA /* Products */;
			projectDirPath = "";
			projectRoot = "";
			targets = (
				8BADCA471F7FAE9700AD83AA /* MYWeather */,
			);
		};
/* End PBXProject section */

/* Begin PBXResourcesBuildPhase section */
		8BADCA461F7FAE9700AD83AA /* Resources */ = {
			isa = PBXResourcesBuildPhase;
			buildActionMask = 2147483647;
			files = (
				8BADCA561F7FAE9700AD83AA /* LaunchScreen.storyboard in Resources */,
				8BADCA531F7FAE9700AD83AA /* Assets.xcassets in Resources */,
				8BADCA511F7FAE9700AD83AA /* Main.storyboard in Resources */,
			);
			runOnlyForDeploymentPostprocessing = 0;
		};
/* End PBXResourcesBuildPhase section */

/* Begin PBXSourcesBuildPhase section */
		8BADCA441F7FAE9700AD83AA /* Sources */ = {
			isa = PBXSourcesBuildPhase;
			buildActionMask = 2147483647;
			files = (
				8BADCA4E1F7FAE9700AD83AA /* ViewController.swift in Sources */,
				8BADCA4C1F7FAE9700AD83AA /* AppDelegate.swift in Sources */,
			);
			runOnlyForDeploymentPostprocessing = 0;
		};
/* End PBXSourcesBuildPhase section */

/* Begin PBXVariantGroup section */
		8BADCA4F1F7FAE9700AD83AA /* Main.storyboard */ = {
			isa = PBXVariantGroup;
			children = (
				8BADCA501F7FAE9700AD83AA /* Base */,
			);
			name = Main.storyboard;
			sourceTree = "<group>";
		};
		8BADCA541F7FAE9700AD83AA /* LaunchScreen.storyboard */ = {
			isa = PBXVariantGroup;
			children = (
				8BADCA551F7FAE9700AD83AA /* Base */,
			);
			name = LaunchScreen.storyboard;
			sourceTree = "<group>";
		};
/* End PBXVariantGroup section */

/* Begin XCBuildConfiguration section */
		8BADCA581F7FAE9700AD83AA /* Debug */ = {
			isa = XCBuildConfiguration;
			buildSettings = {
				ALWAYS_SEARCH_USER_PATHS = NO;
				CLANG_ANALYZER_NONNULL = YES;
				CLANG_ANALYZER_NUMBER_OBJECT_CONVERSION = YES_AGGRESSIVE;
				CLANG_CXX_LANGUAGE_STANDARD = "gnu++14";
				CLANG_CXX_LIBRARY = "libc++";
				CLANG_ENABLE_MODULES = YES;
				CLANG_ENABLE_OBJC_ARC = YES;
				CLANG_WARN_BLOCK_CAPTURE_AUTORELEASING = YES;
				CLANG_WARN_BOOL_CONVERSION = YES;
				CLANG_WARN_COMMA = YES;
				CLANG_WARN_CONSTANT_CONVERSION = YES;
				CLANG_WARN_DIRECT_OBJC_ISA_USAGE = YES_ERROR;
				CLANG_WARN_DOCUMENTATION_COMMENTS = YES;
				CLANG_WARN_EMPTY_BODY = YES;
				CLANG_WARN_ENUM_CONVERSION = YES;
				CLANG_WARN_INFINITE_RECURSION = YES;
				CLANG_WARN_INT_CONVERSION = YES;
				CLANG_WARN_NON_LITERAL_NULL_CONVERSION = YES;
				CLANG_WARN_OBJC_LITERAL_CONVERSION = YES;
				CLANG_WARN_OBJC_ROOT_CLASS = YES_ERROR;
				CLANG_WARN_RANGE_LOOP_ANALYSIS = YES;
				CLANG_WARN_STRICT_PROTOTYPES = YES;
				CLANG_WARN_SUSPICIOUS_MOVE = YES;
				CLANG_WARN_UNGUARDED_AVAILABILITY = YES_AGGRESSIVE;
				CLANG_WARN_UNREACHABLE_CODE = YES;
				CLANG_WARN__DUPLICATE_METHOD_MATCH = YES;
				CODE_SIGN_IDENTITY = "iPhone Developer";
				COPY_PHASE_STRIP = NO;
				DEBUG_INFORMATION_FORMAT = dwarf;
				ENABLE_STRICT_OBJC_MSGSEND = YES;
				ENABLE_TESTABILITY = YES;
				GCC_C_LANGUAGE_STANDARD = gnu11;
				GCC_DYNAMIC_NO_PIC = NO;
				GCC_NO_COMMON_BLOCKS = YES;
				GCC_OPTIMIZATION_LEVEL = 0;
				GCC_PREPROCESSOR_DEFINITIONS = (
					"DEBUG=1",
					"$(inherited)",
				);
				GCC_WARN_64_TO_32_BIT_CONVERSION = YES;
				GCC_WARN_ABOUT_RETURN_TYPE = YES_ERROR;
				GCC_WARN_UNDECLARED_SELECTOR = YES;
				GCC_WARN_UNINITIALIZED_AUTOS = YES_AGGRESSIVE;
				GCC_WARN_UNUSED_FUNCTION = YES;
				GCC_WARN_UNUSED_VARIABLE = YES;
				IPHONEOS_DEPLOYMENT_TARGET = 11.0;
				MTL_ENABLE_DEBUG_INFO = YES;
				ONLY_ACTIVE_ARCH = YES;
				SDKROOT = iphoneos;
				SWIFT_ACTIVE_COMPILATION_CONDITIONS = DEBUG;
				SWIFT_OPTIMIZATION_LEVEL = "-Onone";
			};
			name = Debug;
		};
		8BADCA591F7FAE9700AD83AA /* Release */ = {
			isa = XCBuildConfiguration;
			buildSettings = {
				ALWAYS_SEARCH_USER_PATHS = NO;
				CLANG_ANALYZER_NONNULL = YES;
				CLANG_ANALYZER_NUMBER_OBJECT_CONVERSION = YES_AGGRESSIVE;
				CLANG_CXX_LANGUAGE_STANDARD = "gnu++14";
				CLANG_CXX_LIBRARY = "libc++";
				CLANG_ENABLE_MODULES = YES;
				CLANG_ENABLE_OBJC_ARC = YES;
				CLANG_WARN_BLOCK_CAPTURE_AUTORELEASING = YES;
				CLANG_WARN_BOOL_CONVERSION = YES;
				CLANG_WARN_COMMA = YES;
				CLANG_WARN_CONSTANT_CONVERSION = YES;
				CLANG_WARN_DIRECT_OBJC_ISA_USAGE = YES_ERROR;
				CLANG_WARN_DOCUMENTATION_COMMENTS = YES;
				CLANG_WARN_EMPTY_BODY = YES;
				CLANG_WARN_ENUM_CONVERSION = YES;
				CLANG_WARN_INFINITE_RECURSION = YES;
				CLANG_WARN_INT_CONVERSION = YES;
				CLANG_WARN_NON_LITERAL_NULL_CONVERSION = YES;
				CLANG_WARN_OBJC_LITERAL_CONVERSION = YES;
				CLANG_WARN_OBJC_ROOT_CLASS = YES_ERROR;
				CLANG_WARN_RANGE_LOOP_ANALYSIS = YES;
				CLANG_WARN_STRICT_PROTOTYPES = YES;
				CLANG_WARN_SUSPICIOUS_MOVE = YES;
				CLANG_WARN_UNGUARDED_AVAILABILITY = YES_AGGRESSIVE;
				CLANG_WARN_UNREACHABLE_CODE = YES;
				CLANG_WARN__DUPLICATE_METHOD_MATCH = YES;
				CODE_SIGN_IDENTITY = "iPhone Developer";
				COPY_PHASE_STRIP = NO;
				DEBUG_INFORMATION_FORMAT = "dwarf-with-dsym";
				ENABLE_NS_ASSERTIONS = NO;
				ENABLE_STRICT_OBJC_MSGSEND = YES;
				GCC_C_LANGUAGE_STANDARD = gnu11;
				GCC_NO_COMMON_BLOCKS = YES;
				GCC_WARN_64_TO_32_BIT_CONVERSION = YES;
				GCC_WARN_ABOUT_RETURN_TYPE = YES_ERROR;
				GCC_WARN_UNDECLARED_SELECTOR = YES;
				GCC_WARN_UNINITIALIZED_AUTOS = YES_AGGRESSIVE;
				GCC_WARN_UNUSED_FUNCTION = YES;
				GCC_WARN_UNUSED_VARIABLE = YES;
				IPHONEOS_DEPLOYMENT_TARGET = 11.0;
				MTL_ENABLE_DEBUG_INFO = NO;
				SDKROOT = iphoneos;
				SWIFT_OPTIMIZATION_LEVEL = "-Owholemodule";
				VALIDATE_PRODUCT = YES;
			};
			name = Release;
		};
		8BADCA5B1F7FAE9700AD83AA /* Debug */ = {
			isa = XCBuildConfiguration;
			buildSettings = {
				ASSETCATALOG_COMPILER_APPICON_NAME = AppIcon;
				CODE_SIGN_STYLE = Automatic;
				INFOPLIST_FILE = MYWeather/Info.plist;
				LD_RUNPATH_SEARCH_PATHS = "$(inherited) @executable_path/Frameworks";
				PRODUCT_BUNDLE_IDENTIFIER = iosdeveloper.com.MYWeather;
				PRODUCT_NAME = "$(TARGET_NAME)";
				SWIFT_VERSION = 4.0;
				TARGETED_DEVICE_FAMILY = "1,2";
			};
			name = Debug;
		};
		8BADCA5C1F7FAE9700AD83AA /* Release */ = {
			isa = XCBuildConfiguration;
			buildSettings = {
				ASSETCATALOG_COMPILER_APPICON_NAME = AppIcon;
				CODE_SIGN_STYLE = Automatic;
				INFOPLIST_FILE = MYWeather/Info.plist;
				LD_RUNPATH_SEARCH_PATHS = "$(inherited) @executable_path/Frameworks";
				PRODUCT_BUNDLE_IDENTIFIER = iosdeveloper.com.MYWeather;
				PRODUCT_NAME = "$(TARGET_NAME)";
				SWIFT_VERSION = 4.0;
				TARGETED_DEVICE_FAMILY = "1,2";
			};
			name = Release;
		};
/* End XCBuildConfiguration section */

/* Begin XCConfigurationList section */
		8BADCA431F7FAE9700AD83AA /* Build configuration list for PBXProject "MYWeather" */ = {
			isa = XCConfigurationList;
			buildConfigurations = (
				8BADCA581F7FAE9700AD83AA /* Debug */,
				8BADCA591F7FAE9700AD83AA /* Release */,
			);
			defaultConfigurationIsVisible = 0;
			defaultConfigurationName = Release;
		};
		8BADCA5A1F7FAE9700AD83AA /* Build configuration list for PBXNativeTarget "MYWeather" */ = {
			isa = XCConfigurationList;
			buildConfigurations = (
				8BADCA5B1F7FAE9700AD83AA /* Debug */,
				8BADCA5C1F7FAE9700AD83AA /* Release */,
			);
			defaultConfigurationIsVisible = 0;
			defaultConfigurationName = Release;
		};
/* End XCConfigurationList section */
	};
	rootObject = 8BADCA401F7FAE9700AD83AA /* Project object */;
}
